
Microsoft Visual Studio Solution File, Format Version 12.00
# Visual Studio Version 17
VisualStudioVersion = 17.4.33205.214
MinimumVisualStudioVersion = 10.0.40219.1
Project("{FAE04EC0-301F-11D3-BF4B-00C04F79EFBC}") = "Module2", "Module2.csproj", "{3159DB2E-8392-42C6-A395-C932F0D22A09}"
EndProject
Global
	GlobalSection(SolutionConfigurationPlatforms) = preSolution
		Debug|Any CPU = Debug|Any CPU
		Release|Any CPU = Release|Any CPU
	EndGlobalSection
	GlobalSection(ProjectConfigurationPlatforms) = postSolution
		{3159DB2E-8392-42C6-A395-C932F0D22A09}.Debug|Any CPU.ActiveCfg = Debug|Any CPU
		{3159DB2E-8392-42C6-A395-C932F0D22A09}.Debug|Any CPU.Build.0 = Debug|Any CPU
		{3159DB2E-8392-42C6-A395-C932F0D22A09}.Release|Any CPU.ActiveCfg = Release|Any CPU
		{3159DB2E-8392-42C6-A395-C932F0D22A09}.Release|Any CPU.Build.0 = Release|Any CPU
	EndGlobalSection
	GlobalSection(SolutionProperties) = preSolution
		HideSolutionNode = FALSE
	EndGlobalSection
	GlobalSection(ExtensibilityGlobals) = postSolution
		SolutionGuid = {6B85154C-6547-453B-9D8A-29A4E4AEDE25}
	EndGlobalSection
EndGlobal
